Microsoft Visual Studio Solution File, Format Version 12.00
# Visual Studio Version 16
VisualStudioVersion = 16.0.29215.179
MinimumVisualStudioVersion = 10.0.40219.1
Project("{2150E333-8FDC-42A3-9474-1A3956D46DE8}") = "Libs", "Libs", "{4C986A9E-DCD2-4C20-AD68-D91FA50F5A48}"
EndProject
Project("{9A19103F-16F7-4668-BE54-9A1E7A4F7556}") = "SafeApp.AppBindings", "SafeApp.AppBindings\SafeApp.AppBindings.csproj", "{D785B126-3720-4420-8207-3BDBFABCBE05}"
EndProject
Project("{9A19103F-16F7-4668-BE54-9A1E7A4F7556}") = "SafeApp.Core", "SafeApp.Core\SafeApp.Core.csproj", "{A0450F47-B05E-4C53-9845-7B89D708D3E3}"
EndProject
Project("{9A19103F-16F7-4668-BE54-9A1E7A4F7556}") = "SafeApp", "SafeApp\SafeApp.csproj", "{82FD8E34-048C-4C74-B7A6-7CEFC054F87D}"
EndProject
Project("{2150E333-8FDC-42A3-9474-1A3956D46DE8}") = "Solution Items", "Solution Items", "{630CCCA1-0ED8-4690-A72E-57F353FC9A57}"
	ProjectSection(SolutionItems) = preProject
		CodeStyles.targets = CodeStyles.targets
		Directory.Build.props = Directory.Build.props
		PackageInstructions.txt = PackageInstructions.txt
		SafeApp.nuspec = SafeApp.nuspec
		SafeApp.ruleset = SafeApp.ruleset
		stylecop.json = stylecop.json
	EndProjectSection
EndProject
Project("{2150E333-8FDC-42A3-9474-1A3956D46DE8}") = "Tests", "Tests", "{C4B0F1CA-FBBD-410B-BB9F-EB47696E3C61}"
EndProject
Project("{9A19103F-16F7-4668-BE54-9A1E7A4F7556}") = "SafeApp.MockAuthBindings", "SafeApp.MockAuthBindings\SafeApp.MockAuthBindings.csproj", "{A50AD45F-A945-41AF-8B22-B2DCAA266EAC}"
EndProject
Project("{9A19103F-16F7-4668-BE54-9A1E7A4F7556}") = "SafeApp.Tests.Core", "Tests\SafeApp.Tests.Core\SafeApp.Tests.Core.csproj", "{A7ABCC36-6220-4C71-A00D-95FD03016D55}"
EndProject
Project("{D954291E-2A0B-460D-934E-DC6B0785DB48}") = "SafeApp.Tests", "Tests\SafeApp.Tests\SafeApp.Tests.shproj", "{C578036A-4959-4F32-A516-DC7EA3160E90}"
EndProject
Project("{FAE04EC0-301F-11D3-BF4B-00C04F79EFBC}") = "SafeApp.Tests.Android", "Tests\SafeApp.Tests.Android\SafeApp.Tests.Android.csproj", "{35AC30F2-FADD-4CAB-9C6F-0127695F3FA6}"
EndProject
Project("{FAE04EC0-301F-11D3-BF4B-00C04F79EFBC}") = "SafeApp.Tests.iOS", "Tests\SafeApp.Tests.iOS\SafeApp.Tests.iOS.csproj", "{C45ADA2F-29ED-403E-8D4D-F876BEB33CB7}"
EndProject
Project("{9344BDBB-3E7F-41FC-A0DD-8665D75EE146}") = "SafeApp.Tests.Framework", "Tests\SafeApp.Tests.Framework\SafeApp.Tests.Framework.csproj", "{4EE72250-4038-410B-9BFB-229781E6AF62}"
EndProject
Global
	GlobalSection(SharedMSBuildProjectFiles) = preSolution
		Tests\SafeApp.Tests\SafeApp.Tests.projitems*{35ac30f2-fadd-4cab-9c6f-0127695f3fa6}*SharedItemsImports = 4
		Tests\SafeApp.Tests\SafeApp.Tests.projitems*{8edf4429-251a-416d-bb68-93f227191bcf}*SharedItemsImports = 4
		Tests\SafeApp.Tests\SafeApp.Tests.projitems*{c45ada2f-29ed-403e-8d4d-f876beb33cb7}*SharedItemsImports = 4
		Tests\SafeApp.Tests\SafeApp.Tests.projitems*{c578036a-4959-4f32-a516-dc7ea3160e90}*SharedItemsImports = 13
	EndGlobalSection
	GlobalSection(SolutionConfigurationPlatforms) = preSolution
		Ad-Hoc|Any CPU = Ad-Hoc|Any CPU
		Ad-Hoc|iPhone = Ad-Hoc|iPhone
		Ad-Hoc|iPhoneSimulator = Ad-Hoc|iPhoneSimulator
		AppStore|Any CPU = AppStore|Any CPU
		AppStore|iPhone = AppStore|iPhone
		AppStore|iPhoneSimulator = AppStore|iPhoneSimulator
		Debug|Any CPU = Debug|Any CPU
		Debug|iPhone = Debug|iPhone
		Debug|iPhoneSimulator = Debug|iPhoneSimulator
		Release|Any CPU = Release|Any CPU
		Release|iPhone = Release|iPhone
		Release|iPhoneSimulator = Release|iPhoneSimulator
	EndGlobalSection
	GlobalSection(ProjectConfigurationPlatforms) = postSolution
		{D785B126-3720-4420-8207-3BDBFABCBE05}.Ad-Hoc|Any CPU.ActiveCfg = Release|Any CPU
		{D785B126-3720-4420-8207-3BDBFABCBE05}.Ad-Hoc|Any CPU.Build.0 = Release|Any CPU
		{D785B126-3720-4420-8207-3BDBFABCBE05}.Ad-Hoc|iPhone.ActiveCfg = Release|Any CPU
		{D785B126-3720-4420-8207-3BDBFABCBE05}.Ad-Hoc|iPhone.Build.0 = Release|Any CPU
		{D785B126-3720-4420-8207-3BDBFABCBE05}.Ad-Hoc|iPhoneSimulator.ActiveCfg = Release|Any CPU
		{D785B126-3720-4420-8207-3BDBFABCBE05}.Ad-Hoc|iPhoneSimulator.Build.0 = Release|Any CPU
		{D785B126-3720-4420-8207-3BDBFABCBE05}.AppStore|Any CPU.ActiveCfg = Release|Any CPU
		{D785B126-3720-4420-8207-3BDBFABCBE05}.AppStore|Any CPU.Build.0 = Release|Any CPU
		{D785B126-3720-4420-8207-3BDBFABCBE05}.AppStore|iPhone.ActiveCfg = Release|Any CPU
		{D785B126-3720-4420-8207-3BDBFABCBE05}.AppStore|iPhone.Build.0 = Release|Any CPU
		{D785B126-3720-4420-8207-3BDBFABCBE05}.AppStore|iPhoneSimulator.ActiveCfg = Release|Any CPU
		{D785B126-3720-4420-8207-3BDBFABCBE05}.AppStore|iPhoneSimulator.Build.0 = Release|Any CPU
		{D785B126-3720-4420-8207-3BDBFABCBE05}.Debug|Any CPU.ActiveCfg = Debug|Any CPU
		{D785B126-3720-4420-8207-3BDBFABCBE05}.Debug|Any CPU.Build.0 = Debug|Any CPU
		{D785B126-3720-4420-8207-3BDBFABCBE05}.Debug|iPhone.ActiveCfg = Debug|Any CPU
		{D785B126-3720-4420-8207-3BDBFABCBE05}.Debug|iPhone.Build.0 = Debug|Any CPU
		{D785B126-3720-4420-8207-3BDBFABCBE05}.Debug|iPhoneSimulator.ActiveCfg = Debug|Any CPU
		{D785B126-3720-4420-8207-3BDBFABCBE05}.Debug|iPhoneSimulator.Build.0 = Debug|Any CPU
		{D785B126-3720-4420-8207-3BDBFABCBE05}.Release|Any CPU.ActiveCfg = Release|Any CPU
		{D785B126-3720-4420-8207-3BDBFABCBE05}.Release|Any CPU.Build.0 = Release|Any CPU
		{D785B126-3720-4420-8207-3BDBFABCBE05}.Release|iPhone.ActiveCfg = Release|Any CPU
		{D785B126-3720-4420-8207-3BDBFABCBE05}.Release|iPhone.Build.0 = Release|Any CPU
		{D785B126-3720-4420-8207-3BDBFABCBE05}.Release|iPhoneSimulator.ActiveCfg = Release|Any CPU
		{D785B126-3720-4420-8207-3BDBFABCBE05}.Release|iPhoneSimulator.Build.0 = Release|Any CPU
		{A0450F47-B05E-4C53-9845-7B89D708D3E3}.Ad-Hoc|Any CPU.ActiveCfg = Release|Any CPU
		{A0450F47-B05E-4C53-9845-7B89D708D3E3}.Ad-Hoc|Any CPU.Build.0 = Release|Any CPU
		{A0450F47-B05E-4C53-9845-7B89D708D3E3}.Ad-Hoc|iPhone.ActiveCfg = Release|Any CPU
		{A0450F47-B05E-4C53-9845-7B89D708D3E3}.Ad-Hoc|iPhone.Build.0 = Release|Any CPU
		{A0450F47-B05E-4C53-9845-7B89D708D3E3}.Ad-Hoc|iPhoneSimulator.ActiveCfg = Release|Any CPU
		{A0450F47-B05E-4C53-9845-7B89D708D3E3}.Ad-Hoc|iPhoneSimulator.Build.0 = Release|Any CPU
		{A0450F47-B05E-4C53-9845-7B89D708D3E3}.AppStore|Any CPU.ActiveCfg = Release|Any CPU
		{A0450F47-B05E-4C53-9845-7B89D708D3E3}.AppStore|Any CPU.Build.0 = Release|Any CPU
		{A0450F47-B05E-4C53-9845-7B89D708D3E3}.AppStore|iPhone.ActiveCfg = Release|Any CPU
		{A0450F47-B05E-4C53-9845-7B89D708D3E3}.AppStore|iPhone.Build.0 = Release|Any CPU
		{A0450F47-B05E-4C53-9845-7B89D708D3E3}.AppStore|iPhoneSimulator.ActiveCfg = Release|Any CPU
		{A0450F47-B05E-4C53-9845-7B89D708D3E3}.AppStore|iPhoneSimulator.Build.0 = Release|Any CPU
		{A0450F47-B05E-4C53-9845-7B89D708D3E3}.Debug|Any CPU.ActiveCfg = Debug|Any CPU
		{A0450F47-B05E-4C53-9845-7B89D708D3E3}.Debug|Any CPU.Build.0 = Debug|Any CPU
		{A0450F47-B05E-4C53-9845-7B89D708D3E3}.Debug|iPhone.ActiveCfg = Debug|Any CPU
		{A0450F47-B05E-4C53-9845-7B89D708D3E3}.Debug|iPhone.Build.0 = Debug|Any CPU
		{A0450F47-B05E-4C53-9845-7B89D708D3E3}.Debug|iPhoneSimulator.ActiveCfg = Debug|Any CPU
		{A0450F47-B05E-4C53-9845-7B89D708D3E3}.Debug|iPhoneSimulator.Build.0 = Debug|Any CPU
		{A0450F47-B05E-4C53-9845-7B89D708D3E3}.Release|Any CPU.ActiveCfg = Release|Any CPU
		{A0450F47-B05E-4C53-9845-7B89D708D3E3}.Release|Any CPU.Build.0 = Release|Any CPU
		{A0450F47-B05E-4C53-9845-7B89D708D3E3}.Release|iPhone.ActiveCfg = Release|Any CPU
		{A0450F47-B05E-4C53-9845-7B89D708D3E3}.Release|iPhone.Build.0 = Release|Any CPU
		{A0450F47-B05E-4C53-9845-7B89D708D3E3}.Release|iPhoneSimulator.ActiveCfg = Release|Any CPU
		{A0450F47-B05E-4C53-9845-7B89D708D3E3}.Release|iPhoneSimulator.Build.0 = Release|Any CPU
		{82FD8E34-048C-4C74-B7A6-7CEFC054F87D}.Ad-Hoc|Any CPU.ActiveCfg = Release|Any CPU
		{82FD8E34-048C-4C74-B7A6-7CEFC054F87D}.Ad-Hoc|Any CPU.Build.0 = Release|Any CPU
		{82FD8E34-048C-4C74-B7A6-7CEFC054F87D}.Ad-Hoc|iPhone.ActiveCfg = Release|Any CPU
		{82FD8E34-048C-4C74-B7A6-7CEFC054F87D}.Ad-Hoc|iPhone.Build.0 = Release|Any CPU
		{82FD8E34-048C-4C74-B7A6-7CEFC054F87D}.Ad-Hoc|iPhoneSimulator.ActiveCfg = Release|Any CPU
		{82FD8E34-048C-4C74-B7A6-7CEFC054F87D}.Ad-Hoc|iPhoneSimulator.Build.0 = Release|Any CPU
		{82FD8E34-048C-4C74-B7A6-7CEFC054F87D}.AppStore|Any CPU.ActiveCfg = Release|Any CPU
		{82FD8E34-048C-4C74-B7A6-7CEFC054F87D}.AppStore|Any CPU.Build.0 = Release|Any CPU
		{82FD8E34-048C-4C74-B7A6-7CEFC054F87D}.AppStore|iPhone.ActiveCfg = Release|Any CPU
		{82FD8E34-048C-4C74-B7A6-7CEFC054F87D}.AppStore|iPhone.Build.0 = Release|Any CPU
		{82FD8E34-048C-4C74-B7A6-7CEFC054F87D}.AppStore|iPhoneSimulator.ActiveCfg = Release|Any CPU
		{82FD8E34-048C-4C74-B7A6-7CEFC054F87D}.AppStore|iPhoneSimulator.Build.0 = Release|Any CPU
		{82FD8E34-048C-4C74-B7A6-7CEFC054F87D}.Debug|Any CPU.ActiveCfg = Debug|Any CPU
		{82FD8E34-048C-4C74-B7A6-7CEFC054F87D}.Debug|Any CPU.Build.0 = Debug|Any CPU
		{82FD8E34-048C-4C74-B7A6-7CEFC054F87D}.Debug|iPhone.ActiveCfg = Debug|Any CPU
		{82FD8E34-048C-4C74-B7A6-7CEFC054F87D}.Debug|iPhone.Build.0 = Debug|Any CPU
		{82FD8E34-048C-4C74-B7A6-7CEFC054F87D}.Debug|iPhoneSimulator.ActiveCfg = Debug|Any CPU
		{82FD8E34-048C-4C74-B7A6-7CEFC054F87D}.Debug|iPhoneSimulator.Build.0 = Debug|Any CPU
		{82FD8E34-048C-4C74-B7A6-7CEFC054F87D}.Release|Any CPU.ActiveCfg = Release|Any CPU
		{82FD8E34-048C-4C74-B7A6-7CEFC054F87D}.Release|Any CPU.Build.0 = Release|Any CPU
		{82FD8E34-048C-4C74-B7A6-7CEFC054F87D}.Release|iPhone.ActiveCfg = Release|Any CPU
		{82FD8E34-048C-4C74-B7A6-7CEFC054F87D}.Release|iPhone.Build.0 = Release|Any CPU
		{82FD8E34-048C-4C74-B7A6-7CEFC054F87D}.Release|iPhoneSimulator.ActiveCfg = Release|Any CPU
		{82FD8E34-048C-4C74-B7A6-7CEFC054F87D}.Release|iPhoneSimulator.Build.0 = Release|Any CPU
		{A50AD45F-A945-41AF-8B22-B2DCAA266EAC}.Ad-Hoc|Any CPU.ActiveCfg = Release|Any CPU
		{A50AD45F-A945-41AF-8B22-B2DCAA266EAC}.Ad-Hoc|Any CPU.Build.0 = Release|Any CPU
		{A50AD45F-A945-41AF-8B22-B2DCAA266EAC}.Ad-Hoc|iPhone.ActiveCfg = Release|Any CPU
		{A50AD45F-A945-41AF-8B22-B2DCAA266EAC}.Ad-Hoc|iPhone.Build.0 = Release|Any CPU
		{A50AD45F-A945-41AF-8B22-B2DCAA266EAC}.Ad-Hoc|iPhoneSimulator.ActiveCfg = Release|Any CPU
		{A50AD45F-A945-41AF-8B22-B2DCAA266EAC}.Ad-Hoc|iPhoneSimulator.Build.0 = Release|Any CPU
		{A50AD45F-A945-41AF-8B22-B2DCAA266EAC}.AppStore|Any CPU.ActiveCfg = Release|Any CPU
		{A50AD45F-A945-41AF-8B22-B2DCAA266EAC}.AppStore|Any CPU.Build.0 = Release|Any CPU
		{A50AD45F-A945-41AF-8B22-B2DCAA266EAC}.AppStore|iPhone.ActiveCfg = Release|Any CPU
		{A50AD45F-A945-41AF-8B22-B2DCAA266EAC}.AppStore|iPhone.Build.0 = Release|Any CPU
		{A50AD45F-A945-41AF-8B22-B2DCAA266EAC}.AppStore|iPhoneSimulator.ActiveCfg = Release|Any CPU
		{A50AD45F-A945-41AF-8B22-B2DCAA266EAC}.AppStore|iPhoneSimulator.Build.0 = Release|Any CPU
		{A50AD45F-A945-41AF-8B22-B2DCAA266EAC}.Debug|Any CPU.ActiveCfg = Debug|Any CPU
		{A50AD45F-A945-41AF-8B22-B2DCAA266EAC}.Debug|Any CPU.Build.0 = Debug|Any CPU
		{A50AD45F-A945-41AF-8B22-B2DCAA266EAC}.Debug|iPhone.ActiveCfg = Debug|Any CPU
		{A50AD45F-A945-41AF-8B22-B2DCAA266EAC}.Debug|iPhone.Build.0 = Debug|Any CPU
		{A50AD45F-A945-41AF-8B22-B2DCAA266EAC}.Debug|iPhoneSimulator.ActiveCfg = Debug|Any CPU
		{A50AD45F-A945-41AF-8B22-B2DCAA266EAC}.Debug|iPhoneSimulator.Build.0 = Debug|Any CPU
		{A50AD45F-A945-41AF-8B22-B2DCAA266EAC}.Release|Any CPU.ActiveCfg = Release|Any CPU
		{A50AD45F-A945-41AF-8B22-B2DCAA266EAC}.Release|Any CPU.Build.0 = Release|Any CPU
		{A50AD45F-A945-41AF-8B22-B2DCAA266EAC}.Release|iPhone.ActiveCfg = Release|Any CPU
		{A50AD45F-A945-41AF-8B22-B2DCAA266EAC}.Release|iPhone.Build.0 = Release|Any CPU
		{A50AD45F-A945-41AF-8B22-B2DCAA266EAC}.Release|iPhoneSimulator.ActiveCfg = Release|Any CPU
		{A50AD45F-A945-41AF-8B22-B2DCAA266EAC}.Release|iPhoneSimulator.Build.0 = Release|Any CPU
		{A7ABCC36-6220-4C71-A00D-95FD03016D55}.Ad-Hoc|Any CPU.ActiveCfg = Debug|Any CPU
		{A7ABCC36-6220-4C71-A00D-95FD03016D55}.Ad-Hoc|Any CPU.Build.0 = Debug|Any CPU
		{A7ABCC36-6220-4C71-A00D-95FD03016D55}.Ad-Hoc|iPhone.ActiveCfg = Debug|Any CPU
		{A7ABCC36-6220-4C71-A00D-95FD03016D55}.Ad-Hoc|iPhone.Build.0 = Debug|Any CPU
		{A7ABCC36-6220-4C71-A00D-95FD03016D55}.Ad-Hoc|iPhoneSimulator.ActiveCfg = Debug|Any CPU
		{A7ABCC36-6220-4C71-A00D-95FD03016D55}.Ad-Hoc|iPhoneSimulator.Build.0 = Debug|Any CPU
		{A7ABCC36-6220-4C71-A00D-95FD03016D55}.AppStore|Any CPU.ActiveCfg = Debug|Any CPU
		{A7ABCC36-6220-4C71-A00D-95FD03016D55}.AppStore|Any CPU.Build.0 = Debug|Any CPU
		{A7ABCC36-6220-4C71-A00D-95FD03016D55}.AppStore|iPhone.ActiveCfg = Debug|Any CPU
		{A7ABCC36-6220-4C71-A00D-95FD03016D55}.AppStore|iPhone.Build.0 = Debug|Any CPU
		{A7ABCC36-6220-4C71-A00D-95FD03016D55}.AppStore|iPhoneSimulator.ActiveCfg = Debug|Any CPU
		{A7ABCC36-6220-4C71-A00D-95FD03016D55}.AppStore|iPhoneSimulator.Build.0 = Debug|Any CPU
		{A7ABCC36-6220-4C71-A00D-95FD03016D55}.Debug|Any CPU.ActiveCfg = Debug|Any CPU
		{A7ABCC36-6220-4C71-A00D-95FD03016D55}.Debug|Any CPU.Build.0 = Debug|Any CPU
		{A7ABCC36-6220-4C71-A00D-95FD03016D55}.Debug|iPhone.ActiveCfg = Debug|Any CPU
		{A7ABCC36-6220-4C71-A00D-95FD03016D55}.Debug|iPhone.Build.0 = Debug|Any CPU
		{A7ABCC36-6220-4C71-A00D-95FD03016D55}.Debug|iPhoneSimulator.ActiveCfg = Debug|Any CPU
		{A7ABCC36-6220-4C71-A00D-95FD03016D55}.Debug|iPhoneSimulator.Build.0 = Debug|Any CPU
		{A7ABCC36-6220-4C71-A00D-95FD03016D55}.Release|Any CPU.ActiveCfg = Release|Any CPU
		{A7ABCC36-6220-4C71-A00D-95FD03016D55}.Release|Any CPU.Build.0 = Release|Any CPU
		{A7ABCC36-6220-4C71-A00D-95FD03016D55}.Release|iPhone.ActiveCfg = Release|Any CPU
		{A7ABCC36-6220-4C71-A00D-95FD03016D55}.Release|iPhone.Build.0 = Release|Any CPU
		{A7ABCC36-6220-4C71-A00D-95FD03016D55}.Release|iPhoneSimulator.ActiveCfg = Release|Any CPU
		{A7ABCC36-6220-4C71-A00D-95FD03016D55}.Release|iPhoneSimulator.Build.0 = Release|Any CPU
		{35AC30F2-FADD-4CAB-9C6F-0127695F3FA6}.Ad-Hoc|Any CPU.ActiveCfg = Release|Any CPU
		{35AC30F2-FADD-4CAB-9C6F-0127695F3FA6}.Ad-Hoc|Any CPU.Build.0 = Release|Any CPU
		{35AC30F2-FADD-4CAB-9C6F-0127695F3FA6}.Ad-Hoc|Any CPU.Deploy.0 = Release|Any CPU
		{35AC30F2-FADD-4CAB-9C6F-0127695F3FA6}.Ad-Hoc|iPhone.ActiveCfg = Release|Any CPU
		{35AC30F2-FADD-4CAB-9C6F-0127695F3FA6}.Ad-Hoc|iPhone.Build.0 = Release|Any CPU
		{35AC30F2-FADD-4CAB-9C6F-0127695F3FA6}.Ad-Hoc|iPhone.Deploy.0 = Release|Any CPU
		{35AC30F2-FADD-4CAB-9C6F-0127695F3FA6}.Ad-Hoc|iPhoneSimulator.ActiveCfg = Release|Any CPU
		{35AC30F2-FADD-4CAB-9C6F-0127695F3FA6}.Ad-Hoc|iPhoneSimulator.Build.0 = Release|Any CPU
		{35AC30F2-FADD-4CAB-9C6F-0127695F3FA6}.Ad-Hoc|iPhoneSimulator.Deploy.0 = Release|Any CPU
		{35AC30F2-FADD-4CAB-9C6F-0127695F3FA6}.AppStore|Any CPU.ActiveCfg = Release|Any CPU
		{35AC30F2-FADD-4CAB-9C6F-0127695F3FA6}.AppStore|Any CPU.Build.0 = Release|Any CPU
		{35AC30F2-FADD-4CAB-9C6F-0127695F3FA6}.AppStore|Any CPU.Deploy.0 = Release|Any CPU
		{35AC30F2-FADD-4CAB-9C6F-0127695F3FA6}.AppStore|iPhone.ActiveCfg = Release|Any CPU
		{35AC30F2-FADD-4CAB-9C6F-0127695F3FA6}.AppStore|iPhone.Build.0 = Release|Any CPU
		{35AC30F2-FADD-4CAB-9C6F-0127695F3FA6}.AppStore|iPhone.Deploy.0 = Release|Any CPU
		{35AC30F2-FADD-4CAB-9C6F-0127695F3FA6}.AppStore|iPhoneSimulator.ActiveCfg = Release|Any CPU
		{35AC30F2-FADD-4CAB-9C6F-0127695F3FA6}.AppStore|iPhoneSimulator.Build.0 = Release|Any CPU
		{35AC30F2-FADD-4CAB-9C6F-0127695F3FA6}.AppStore|iPhoneSimulator.Deploy.0 = Release|Any CPU
		{35AC30F2-FADD-4CAB-9C6F-0127695F3FA6}.Debug|Any CPU.ActiveCfg = Debug|Any CPU
		{35AC30F2-FADD-4CAB-9C6F-0127695F3FA6}.Debug|Any CPU.Build.0 = Debug|Any CPU
		{35AC30F2-FADD-4CAB-9C6F-0127695F3FA6}.Debug|Any CPU.Deploy.0 = Debug|Any CPU
		{35AC30F2-FADD-4CAB-9C6F-0127695F3FA6}.Debug|iPhone.ActiveCfg = Debug|Any CPU
		{35AC30F2-FADD-4CAB-9C6F-0127695F3FA6}.Debug|iPhone.Build.0 = Debug|Any CPU
		{35AC30F2-FADD-4CAB-9C6F-0127695F3FA6}.Debug|iPhone.Deploy.0 = Debug|Any CPU
		{35AC30F2-FADD-4CAB-9C6F-0127695F3FA6}.Debug|iPhoneSimulator.ActiveCfg = Debug|Any CPU
		{35AC30F2-FADD-4CAB-9C6F-0127695F3FA6}.Debug|iPhoneSimulator.Build.0 = Debug|Any CPU
		{35AC30F2-FADD-4CAB-9C6F-0127695F3FA6}.Debug|iPhoneSimulator.Deploy.0 = Debug|Any CPU
		{35AC30F2-FADD-4CAB-9C6F-0127695F3FA6}.Release|Any CPU.ActiveCfg = Release|Any CPU
		{35AC30F2-FADD-4CAB-9C6F-0127695F3FA6}.Release|Any CPU.Build.0 = Release|Any CPU
		{35AC30F2-FADD-4CAB-9C6F-0127695F3FA6}.Release|Any CPU.Deploy.0 = Release|Any CPU
		{35AC30F2-FADD-4CAB-9C6F-0127695F3FA6}.Release|iPhone.ActiveCfg = Release|Any CPU
		{35AC30F2-FADD-4CAB-9C6F-0127695F3FA6}.Release|iPhone.Build.0 = Release|Any CPU
		{35AC30F2-FADD-4CAB-9C6F-0127695F3FA6}.Release|iPhone.Deploy.0 = Release|Any CPU
		{35AC30F2-FADD-4CAB-9C6F-0127695F3FA6}.Release|iPhoneSimulator.ActiveCfg = Release|Any CPU
		{35AC30F2-FADD-4CAB-9C6F-0127695F3FA6}.Release|iPhoneSimulator.Build.0 = Release|Any CPU
		{35AC30F2-FADD-4CAB-9C6F-0127695F3FA6}.Release|iPhoneSimulator.Deploy.0 = Release|Any CPU
		{C45ADA2F-29ED-403E-8D4D-F876BEB33CB7}.Ad-Hoc|Any CPU.ActiveCfg = Release|iPhone
		{C45ADA2F-29ED-403E-8D4D-F876BEB33CB7}.Ad-Hoc|Any CPU.Build.0 = Release|iPhone
		{C45ADA2F-29ED-403E-8D4D-F876BEB33CB7}.Ad-Hoc|iPhone.ActiveCfg = Release|iPhone
		{C45ADA2F-29ED-403E-8D4D-F876BEB33CB7}.Ad-Hoc|iPhone.Build.0 = Release|iPhone
		{C45ADA2F-29ED-403E-8D4D-F876BEB33CB7}.Ad-Hoc|iPhoneSimulator.ActiveCfg = Release|iPhoneSimulator
		{C45ADA2F-29ED-403E-8D4D-F876BEB33CB7}.Ad-Hoc|iPhoneSimulator.Build.0 = Release|iPhoneSimulator
		{C45ADA2F-29ED-403E-8D4D-F876BEB33CB7}.AppStore|Any CPU.ActiveCfg = Release|iPhone
		{C45ADA2F-29ED-403E-8D4D-F876BEB33CB7}.AppStore|Any CPU.Build.0 = Release|iPhone
		{C45ADA2F-29ED-403E-8D4D-F876BEB33CB7}.AppStore|iPhone.ActiveCfg = Release|iPhone
		{C45ADA2F-29ED-403E-8D4D-F876BEB33CB7}.AppStore|iPhone.Build.0 = Release|iPhone
		{C45ADA2F-29ED-403E-8D4D-F876BEB33CB7}.AppStore|iPhoneSimulator.ActiveCfg = Release|iPhoneSimulator
		{C45ADA2F-29ED-403E-8D4D-F876BEB33CB7}.AppStore|iPhoneSimulator.Build.0 = Release|iPhoneSimulator
		{C45ADA2F-29ED-403E-8D4D-F876BEB33CB7}.Debug|Any CPU.ActiveCfg = Debug|iPhone
		{C45ADA2F-29ED-403E-8D4D-F876BEB33CB7}.Debug|iPhone.ActiveCfg = Debug|iPhone
		{C45ADA2F-29ED-403E-8D4D-F876BEB33CB7}.Debug|iPhone.Build.0 = Debug|iPhone
		{C45ADA2F-29ED-403E-8D4D-F876BEB33CB7}.Debug|iPhoneSimulator.ActiveCfg = Debug|iPhoneSimulator
		{C45ADA2F-29ED-403E-8D4D-F876BEB33CB7}.Debug|iPhoneSimulator.Build.0 = Debug|iPhoneSimulator
		{C45ADA2F-29ED-403E-8D4D-F876BEB33CB7}.Release|Any CPU.ActiveCfg = Release|iPhone
		{C45ADA2F-29ED-403E-8D4D-F876BEB33CB7}.Release|iPhone.ActiveCfg = Release|iPhone
		{C45ADA2F-29ED-403E-8D4D-F876BEB33CB7}.Release|iPhone.Build.0 = Release|iPhone
		{C45ADA2F-29ED-403E-8D4D-F876BEB33CB7}.Release|iPhoneSimulator.ActiveCfg = Release|iPhoneSimulator
		{C45ADA2F-29ED-403E-8D4D-F876BEB33CB7}.Release|iPhoneSimulator.Build.0 = Release|iPhoneSimulator
		{4EE72250-4038-410B-9BFB-229781E6AF62}.Ad-Hoc|Any CPU.ActiveCfg = Release|Any CPU
		{4EE72250-4038-410B-9BFB-229781E6AF62}.Ad-Hoc|Any CPU.Build.0 = Release|Any CPU
		{4EE72250-4038-410B-9BFB-229781E6AF62}.Ad-Hoc|iPhone.ActiveCfg = Release|Any CPU
		{4EE72250-4038-410B-9BFB-229781E6AF62}.Ad-Hoc|iPhone.Build.0 = Release|Any CPU
		{4EE72250-4038-410B-9BFB-229781E6AF62}.Ad-Hoc|iPhoneSimulator.ActiveCfg = Release|Any CPU
		{4EE72250-4038-410B-9BFB-229781E6AF62}.Ad-Hoc|iPhoneSimulator.Build.0 = Release|Any CPU
		{4EE72250-4038-410B-9BFB-229781E6AF62}.AppStore|Any CPU.ActiveCfg = Release|Any CPU
		{4EE72250-4038-410B-9BFB-229781E6AF62}.AppStore|Any CPU.Build.0 = Release|Any CPU
		{4EE72250-4038-410B-9BFB-229781E6AF62}.AppStore|iPhone.ActiveCfg = Release|Any CPU
		{4EE72250-4038-410B-9BFB-229781E6AF62}.AppStore|iPhone.Build.0 = Release|Any CPU
		{4EE72250-4038-410B-9BFB-229781E6AF62}.AppStore|iPhoneSimulator.ActiveCfg = Release|Any CPU
		{4EE72250-4038-410B-9BFB-229781E6AF62}.AppStore|iPhoneSimulator.Build.0 = Release|Any CPU
		{4EE72250-4038-410B-9BFB-229781E6AF62}.Debug|Any CPU.ActiveCfg = Debug|x64
		{4EE72250-4038-410B-9BFB-229781E6AF62}.Debug|Any CPU.Build.0 = Debug|x64
		{4EE72250-4038-410B-9BFB-229781E6AF62}.Debug|iPhone.ActiveCfg = Debug|Any CPU
		{4EE72250-4038-410B-9BFB-229781E6AF62}.Debug|iPhone.Build.0 = Debug|Any CPU
		{4EE72250-4038-410B-9BFB-229781E6AF62}.Debug|iPhoneSimulator.ActiveCfg = Debug|Any CPU
		{4EE72250-4038-410B-9BFB-229781E6AF62}.Debug|iPhoneSimulator.Build.0 = Debug|Any CPU
		{4EE72250-4038-410B-9BFB-229781E6AF62}.Release|Any CPU.ActiveCfg = Release|x64
		{4EE72250-4038-410B-9BFB-229781E6AF62}.Release|Any CPU.Build.0 = Release|x64
		{4EE72250-4038-410B-9BFB-229781E6AF62}.Release|iPhone.ActiveCfg = Release|Any CPU
		{4EE72250-4038-410B-9BFB-229781E6AF62}.Release|iPhone.Build.0 = Release|Any CPU
		{4EE72250-4038-410B-9BFB-229781E6AF62}.Release|iPhoneSimulator.ActiveCfg = Release|Any CPU
		{4EE72250-4038-410B-9BFB-229781E6AF62}.Release|iPhoneSimulator.Build.0 = Release|Any CPU
	EndGlobalSection
	GlobalSection(SolutionProperties) = preSolution
		HideSolutionNode = FALSE
	EndGlobalSection
	GlobalSection(NestedProjects) = preSolution
		{D785B126-3720-4420-8207-3BDBFABCBE05} = {4C986A9E-DCD2-4C20-AD68-D91FA50F5A48}
		{A0450F47-B05E-4C53-9845-7B89D708D3E3} = {4C986A9E-DCD2-4C20-AD68-D91FA50F5A48}
		{82FD8E34-048C-4C74-B7A6-7CEFC054F87D} = {4C986A9E-DCD2-4C20-AD68-D91FA50F5A48}
		{A50AD45F-A945-41AF-8B22-B2DCAA266EAC} = {4C986A9E-DCD2-4C20-AD68-D91FA50F5A48}
		{A7ABCC36-6220-4C71-A00D-95FD03016D55} = {C4B0F1CA-FBBD-410B-BB9F-EB47696E3C61}
		{C578036A-4959-4F32-A516-DC7EA3160E90} = {C4B0F1CA-FBBD-410B-BB9F-EB47696E3C61}
		{35AC30F2-FADD-4CAB-9C6F-0127695F3FA6} = {C4B0F1CA-FBBD-410B-BB9F-EB47696E3C61}
		{C45ADA2F-29ED-403E-8D4D-F876BEB33CB7} = {C4B0F1CA-FBBD-410B-BB9F-EB47696E3C61}
		{4EE72250-4038-410B-9BFB-229781E6AF62} = {C4B0F1CA-FBBD-410B-BB9F-EB47696E3C61}
	EndGlobalSection
	GlobalSection(ExtensibilityGlobals) = postSolution
		SolutionGuid = {F0C997FD-90BA-48E2-AC4D-60A84409C659}
	EndGlobalSection
EndGlobal
